
Microsoft Visual Studio Solution File, Format Version 12.00
# Visual Studio Version 16
VisualStudioVersion = 16.0.31205.134
MinimumVisualStudioVersion = 10.0.40219.1
Project("{FAE04EC0-301F-11D3-BF4B-00C04F79EFBC}") = "re_server", "re-server\re_server.csproj", "{F593FB18-F1CC-4DEE-996C-B8B7E298C51B}"
EndProject
Global
	GlobalSection(SolutionConfigurationPlatforms) = preSolution
		Debug|Any CPU = Debug|Any CPU
		Release|Any CPU = Release|Any CPU
	EndGlobalSection
	GlobalSection(ProjectConfigurationPlatforms) = postSolution
		{F593FB18-F1CC-4DEE-996C-B8B7E298C51B}.Debug|Any CPU.ActiveCfg = Debug|Any CPU
		{F593FB18-F1CC-4DEE-996C-B8B7E298C51B}.Debug|Any CPU.Build.0 = Debug|Any CPU
		{F593FB18-F1CC-4DEE-996C-B8B7E298C51B}.Release|Any CPU.ActiveCfg = Release|Any CPU
		{F593FB18-F1CC-4DEE-996C-B8B7E298C51B}.Release|Any CPU.Build.0 = Release|Any CPU
	EndGlobalSection
	GlobalSection(SolutionProperties) = preSolution
		HideSolutionNode = FALSE
	EndGlobalSection
	GlobalSection(ExtensibilityGlobals) = postSolution
		SolutionGuid = {646DE244-11CE-443A-B01D-0B21B0932202}
	EndGlobalSection
EndGlobal
